
Microsoft Visual Studio Solution File, Format Version 12.00
# Visual Studio Version 17
VisualStudioVersion = 17.11.35208.52
MinimumVisualStudioVersion = 10.0.40219.1
Project("{9A19103F-16F7-4668-BE54-9A1E7A4F7556}") = "ContactManager", "ContactManager\ContactManager.csproj", "{FE153697-EBCC-484D-A0D7-8CB417202840}"
EndProject
Global
	GlobalSection(SolutionConfigurationPlatforms) = preSolution
		Debug|Any CPU = Debug|Any CPU
		Release|Any CPU = Release|Any CPU
	EndGlobalSection
	GlobalSection(ProjectConfigurationPlatforms) = postSolution
		{FE153697-EBCC-484D-A0D7-8CB417202840}.Debug|Any CPU.ActiveCfg = Debug|Any CPU
		{FE153697-EBCC-484D-A0D7-8CB417202840}.Debug|Any CPU.Build.0 = Debug|Any CPU
		{FE153697-EBCC-484D-A0D7-8CB417202840}.Release|Any CPU.ActiveCfg = Release|Any CPU
		{FE153697-EBCC-484D-A0D7-8CB417202840}.Release|Any CPU.Build.0 = Release|Any CPU
	EndGlobalSection
	GlobalSection(SolutionProperties) = preSolution
		HideSolutionNode = FALSE
	EndGlobalSection
	GlobalSection(ExtensibilityGlobals) = postSolution
		SolutionGuid = {E1242E62-0689-4455-B427-5970295B2783}
	EndGlobalSection
EndGlobal
